
Microsoft Visual Studio Solution File, Format Version 12.00
# Visual Studio Version 17
VisualStudioVersion = 17.13.35913.81 d17.13
MinimumVisualStudioVersion = 10.0.40219.1
Project("{FAE04EC0-301F-11D3-BF4B-00C04F79EFBC}") = "BudgetCalculator", "BudgetCalculator\BudgetCalculator.csproj", "{616FF5F4-5D65-4E1B-B558-9BBF49C3D4E0}"
EndProject
Project("{FAE04EC0-301F-11D3-BF4B-00C04F79EFBC}") = "AddDLG", "AddDLG\AddDLG.csproj", "{01ED8968-D418-4461-8421-1B9D128389A7}"
EndProject
Global
	GlobalSection(SolutionConfigurationPlatforms) = preSolution
		Debug|Any CPU = Debug|Any CPU
		Release|Any CPU = Release|Any CPU
	EndGlobalSection
	GlobalSection(ProjectConfigurationPlatforms) = postSolution
		{616FF5F4-5D65-4E1B-B558-9BBF49C3D4E0}.Debug|Any CPU.ActiveCfg = Debug|Any CPU
		{616FF5F4-5D65-4E1B-B558-9BBF49C3D4E0}.Debug|Any CPU.Build.0 = Debug|Any CPU
		{616FF5F4-5D65-4E1B-B558-9BBF49C3D4E0}.Release|Any CPU.ActiveCfg = Release|Any CPU
		{616FF5F4-5D65-4E1B-B558-9BBF49C3D4E0}.Release|Any CPU.Build.0 = Release|Any CPU
		{01ED8968-D418-4461-8421-1B9D128389A7}.Debug|Any CPU.ActiveCfg = Debug|Any CPU
		{01ED8968-D418-4461-8421-1B9D128389A7}.Debug|Any CPU.Build.0 = Debug|Any CPU
		{01ED8968-D418-4461-8421-1B9D128389A7}.Release|Any CPU.ActiveCfg = Release|Any CPU
		{01ED8968-D418-4461-8421-1B9D128389A7}.Release|Any CPU.Build.0 = Release|Any CPU
	EndGlobalSection
	GlobalSection(SolutionProperties) = preSolution
		HideSolutionNode = FALSE
	EndGlobalSection
	GlobalSection(ExtensibilityGlobals) = postSolution
		SolutionGuid = {6013A9B9-DEBB-4D0D-A6BA-F4AA160C3FA4}
	EndGlobalSection
EndGlobal
