
Microsoft Visual Studio Solution File, Format Version 12.00
# Visual Studio Version 17
VisualStudioVersion = 17.13.35913.81 d17.13
MinimumVisualStudioVersion = 10.0.40219.1
Project("{FAE04EC0-301F-11D3-BF4B-00C04F79EFBC}") = "EasyExcel", "EasyExcel\EasyExcel.csproj", "{1E861FDE-4E1C-4469-B102-94AC30D5D0C4}"
EndProject
Project("{FAE04EC0-301F-11D3-BF4B-00C04F79EFBC}") = "UserAdd", "UserAdd\UserAdd.csproj", "{090373DD-5BCD-400C-9429-63EE3EBC3C07}"
EndProject
Global
	GlobalSection(SolutionConfigurationPlatforms) = preSolution
		Debug|Any CPU = Debug|Any CPU
		Release|Any CPU = Release|Any CPU
	EndGlobalSection
	GlobalSection(ProjectConfigurationPlatforms) = postSolution
		{1E861FDE-4E1C-4469-B102-94AC30D5D0C4}.Debug|Any CPU.ActiveCfg = Debug|Any CPU
		{1E861FDE-4E1C-4469-B102-94AC30D5D0C4}.Debug|Any CPU.Build.0 = Debug|Any CPU
		{1E861FDE-4E1C-4469-B102-94AC30D5D0C4}.Release|Any CPU.ActiveCfg = Release|Any CPU
		{1E861FDE-4E1C-4469-B102-94AC30D5D0C4}.Release|Any CPU.Build.0 = Release|Any CPU
		{090373DD-5BCD-400C-9429-63EE3EBC3C07}.Debug|Any CPU.ActiveCfg = Debug|Any CPU
		{090373DD-5BCD-400C-9429-63EE3EBC3C07}.Debug|Any CPU.Build.0 = Debug|Any CPU
		{090373DD-5BCD-400C-9429-63EE3EBC3C07}.Release|Any CPU.ActiveCfg = Release|Any CPU
		{090373DD-5BCD-400C-9429-63EE3EBC3C07}.Release|Any CPU.Build.0 = Release|Any CPU
	EndGlobalSection
	GlobalSection(SolutionProperties) = preSolution
		HideSolutionNode = FALSE
	EndGlobalSection
	GlobalSection(ExtensibilityGlobals) = postSolution
		SolutionGuid = {C566FF54-FCC2-4501-80BC-2E4BE3310D5F}
	EndGlobalSection
EndGlobal
